# THIS IS AN AUTOGENERATED FILE. DO NOT EDIT THIS FILE DIRECTLY.
# yarn lockfile v1


"@shopify/react-native-performance-navigation@^3.0.0":
  version "3.0.0"
  resolved "https://registry.npmjs.org/@shopify/react-native-performance-navigation/-/react-native-performance-navigation-3.0.0.tgz#029735cefd30382239825479869187affa2157ec"
  integrity sha512-KhXXi3Rau2KWqwAXnW77gGuKEvWcMEmh+B5mdfRd9+oJ9QIoCkLPnnGcZYsMh0t3jFrmLFNmWTqScEB3CxkopQ==
  dependencies:
    lodash.isequal "^4.5.0"

"@shopify/react-native-performance@^4.1.2":
  version "4.1.2"
  resolved "https://registry.npmjs.org/@shopify/react-native-performance/-/react-native-performance-4.1.2.tgz#bd111af291b85ee125feaccd54c8e5f237a76ce7"
  integrity sha512-1Xu2xo+hAxg75iuX5akVqAgc3h/J1ohfi7JKXlGsprP4ylpW7kHMfq/7AstL7FoUC8xcHsTUvUFhoZ94ot8g6Q==

lodash.isequal@^4.5.0:
  version "4.5.0"
  resolved "https://registry.npmjs.org/lodash.isequal/-/lodash.isequal-4.5.0.tgz#415c4478f2bcc30120c22ce10ed3226f7d3e18e0"
  integrity sha512-pDo3lu8Jhfjqls6GkMgpahsF9kCyayhgykjyLMNFTKWrpVdAQtYyB4muAMWozBB4ig/dtWAmsMxLEI8wuz+DYQ==
